
Microsoft Visual Studio Solution File, Format Version 12.00
# Visual Studio Version 17
VisualStudioVersion = 17.2.32630.192
MinimumVisualStudioVersion = 10.0.40219.1
Project("{FAE04EC0-301F-11D3-BF4B-00C04F79EFBC}") = "Proje_Hastane", "Proje_Hastane.csproj", "{9E68A9BE-868E-41EA-AE71-FE8F9BC3805C}"
EndProject
Global
	GlobalSection(SolutionConfigurationPlatforms) = preSolution
		Debug|Any CPU = Debug|Any CPU
		Release|Any CPU = Release|Any CPU
	EndGlobalSection
	GlobalSection(ProjectConfigurationPlatforms) = postSolution
		{9E68A9BE-868E-41EA-AE71-FE8F9BC3805C}.Debug|Any CPU.ActiveCfg = Debug|Any CPU
		{9E68A9BE-868E-41EA-AE71-FE8F9BC3805C}.Debug|Any CPU.Build.0 = Debug|Any CPU
		{9E68A9BE-868E-41EA-AE71-FE8F9BC3805C}.Release|Any CPU.ActiveCfg = Release|Any CPU
		{9E68A9BE-868E-41EA-AE71-FE8F9BC3805C}.Release|Any CPU.Build.0 = Release|Any CPU
	EndGlobalSection
	GlobalSection(SolutionProperties) = preSolution
		HideSolutionNode = FALSE
	EndGlobalSection
	GlobalSection(ExtensibilityGlobals) = postSolution
		SolutionGuid = {8938BF97-922C-4B24-A803-048336E1BE7D}
	EndGlobalSection
EndGlobal
